PODS:
  - AFNetworking (2.6.3):
    - AFNetworking/NSURLConnection (= 2.6.3)
    - AFNetworking/NSURLSession (= 2.6.3)
    - AFNetworking/Reachability (= 2.6.3)
    - AFNetworking/Security (= 2.6.3)
    - AFNetworking/Serialization (= 2.6.3)
    - AFNetworking/UIKit (= 2.6.3)
  - AFNetworking/NSURLConnection (2.6.3):
    - AFNetworking/Reachability
    - AFNetworking/Security
    - AFNetworking/Serialization
  - AFNetworking/NSURLSession (2.6.3):
    - AFNetworking/Reachability
    - AFNetworking/Security
    - AFNetworking/Serialization
  - AFNetworking/Reachability (2.6.3)
  - AFNetworking/Security (2.6.3)
  - AFNetworking/Serialization (2.6.3)
  - AFNetworking/UIKit (2.6.3):
    - AFNetworking/NSURLConnection
    - AFNetworking/NSURLSession
  - ElasticTransition (2.1.0):
    - MotionAnimation (~> 0.0.5)
  - Font-Awesome-Swift (1.4.5)
  - MotionAnimation (0.0.5)
  - STLocationRequest (0.1.1):
    - Font-Awesome-Swift (~> 1.4.3)

DEPENDENCIES:
  - AFNetworking (~> 2.6)
  - ElasticTransition
  - STLocationRequest

SPEC CHECKSUMS:
  AFNetworking: cb8d14a848e831097108418f5d49217339d4eb60
  ElasticTransition: 7c04b2ad4323fc4b18475c60f061cf4be7399f00
  Font-Awesome-Swift: 0af30357ab68dbcfa2d211254a5c11a158261112
  MotionAnimation: d9d4060bf4f494dd61bf868b8969a31b1b0b6f2a
  STLocationRequest: 9f83fefe9b0a5febb147df7238ca944b385ac7b8

COCOAPODS: 0.39.0
