// !$*UTF8*$!
{
	archiveVersion = 1;
	classes = {
	};
	objectVersion = 46;
	objects = {

/* Begin PBXBuildFile section */
		DB8A162E1C77693400FF8B44 /* AppDelegate.swift in Sources */ = {isa = PBXBuildFile; fileRef = DB8A162D1C77693400FF8B44 /* AppDelegate.swift */; };
		DB8A16301C77693400FF8B44 /* ViewController.swift in Sources */ = {isa = PBXBuildFile; fileRef = DB8A162F1C77693400FF8B44 /* ViewController.swift */; };
		DB8A16331C77693400FF8B44 /* Main.storyboard in Resources */ = {isa = PBXBuildFile; fileRef = DB8A16311C77693400FF8B44 /* Main.storyboard */; };
		DB8A16351C77693400FF8B44 /* Assets.xcassets in Resources */ = {isa = PBXBuildFile; fileRef = DB8A16341C77693400FF8B44 /* Assets.xcassets */; };
		DB8A16381C77693400FF8B44 /* LaunchScreen.storyboard in Resources */ = {isa = PBXBuildFile; fileRef = DB8A16361C77693400FF8B44 /* LaunchScreen.storyboard */; };
/* End PBXBuildFile section */

/* Begin PBXFileReference section */
		DB8A162A1C77693400FF8B44 /* Lazy Friday.app */ = {isa = PBXFileReference; explicitFileType = wrapper.application; includeInIndex = 0; path = "Lazy Friday.app"; sourceTree = BUILT_PRODUCTS_DIR; };
		DB8A162D1C77693400FF8B44 /* AppDelegate.swift */ = {isa = PBXFileReference; lastKnownFileType = sourcecode.swift; path = AppDelegate.swift; sourceTree = "<group>"; };
		DB8A162F1C77693400FF8B44 /* ViewController.swift */ = {isa = PBXFileReference; lastKnownFileType = sourcecode.swift; path = ViewController.swift; sourceTree = "<group>"; };
		DB8A16321C77693400FF8B44 /* Base */ = {isa = PBXFileReference; lastKnownFileType = file.storyboard; name = Base; path = Base.lproj/Main.storyboard; sourceTree = "<group>"; };
		DB8A16341C77693400FF8B44 /* Assets.xcassets */ = {isa = PBXFileReference; lastKnownFileType = folder.assetcatalog; path = Assets.xcassets; sourceTree = "<group>"; };
		DB8A16371C77693400FF8B44 /* Base */ = {isa = PBXFileReference; lastKnownFileType = file.storyboard; name = Base; path = Base.lproj/LaunchScreen.storyboard; sourceTree = "<group>"; };
		DB8A16391C77693400FF8B44 /* Info.plist */ = {isa = PBXFileReference; lastKnownFileType = text.plist.xml; path = Info.plist; sourceTree = "<group>"; };
/* End PBXFileReference section */

/* Begin PBXFrameworksBuildPhase section */
		DB8A16271C77693400FF8B44 /* Frameworks */ = {
			isa = PBXFrameworksBuildPhase;
			buildActionMask = 2147483647;
			files = (
			);
			runOnlyForDeploymentPostprocessing = 0;
		};
/* End PBXFrameworksBuildPhase section */

/* Begin PBXGroup section */
		DB8A16211C77693400FF8B44 = {
			isa = PBXGroup;
			children = (
				DB8A162C1C77693400FF8B44 /* Lazy Friday */,
				DB8A162B1C77693400FF8B44 /* Products */,
			);
			sourceTree = "<group>";
		};
		DB8A162B1C77693400FF8B44 /* Products */ = {
			isa = PBXGroup;
			children = (
				DB8A162A1C77693400FF8B44 /* Lazy Friday.app */,
			);
			name = Products;
			sourceTree = "<group>";
		};
		DB8A162C1C77693400FF8B44 /* Lazy Friday */ = {
			isa = PBXGroup;
			children = (
				DB8A162D1C77693400FF8B44 /* AppDelegate.swift */,
				DB8A162F1C77693400FF8B44 /* ViewController.swift */,
				DB8A16311C77693400FF8B44 /* Main.storyboard */,
				DB8A16341C77693400FF8B44 /* Assets.xcassets */,
				DB8A16361C77693400FF8B44 /* LaunchScreen.storyboard */,
				DB8A16391C77693400FF8B44 /* Info.plist */,
			);
			path = "Lazy Friday";
			sourceTree = "<group>";
		};
/* End PBXGroup section */

/* Begin PBXNativeTarget section */
		DB8A16291C77693400FF8B44 /* Lazy Friday */ = {
			isa = PBXNativeTarget;
			buildConfigurationList = DB8A163C1C77693400FF8B44 /* Build configuration list for PBXNativeTarget "Lazy Friday" */;
			buildPhases = (
				DB8A16261C77693400FF8B44 /* Sources */,
				DB8A16271C77693400FF8B44 /* Frameworks */,
				DB8A16281C77693400FF8B44 /* Resources */,
			);
			buildRules = (
			);
			dependencies = (
			);
			name = "Lazy Friday";
			productName = "Lazy Friday";
			productReference = DB8A162A1C77693400FF8B44 /* Lazy Friday.app */;
			productType = "com.apple.product-type.application";
		};
/* End PBXNativeTarget section */

/* Begin PBXProject section */
		DB8A16221C77693400FF8B44 /* Project object */ = {
			isa = PBXProject;
			attributes = {
				LastSwiftUpdateCheck = 0720;
				LastUpgradeCheck = 0720;
				ORGANIZATIONNAME = "Laura Sirvent Collado";
				TargetAttributes = {
					DB8A16291C77693400FF8B44 = {
						CreatedOnToolsVersion = 7.2;
					};
				};
			};
			buildConfigurationList = DB8A16251C77693400FF8B44 /* Build configuration list for PBXProject "Lazy Friday" */;
			compatibilityVersion = "Xcode 3.2";
			developmentRegion = English;
			hasScannedForEncodings = 0;
			knownRegions = (
				en,
				Base,
			);
			mainGroup = DB8A16211C77693400FF8B44;
			productRefGroup = DB8A162B1C77693400FF8B44 /* Products */;
			projectDirPath = "";
			projectRoot = "";
			targets = (
				DB8A16291C77693400FF8B44 /* Lazy Friday */,
			);
		};
/* End PBXProject section */

/* Begin PBXResourcesBuildPhase section */
		DB8A16281C77693400FF8B44 /* Resources */ = {
			isa = PBXResourcesBuildPhase;
			buildActionMask = 2147483647;
			files = (
				DB8A16381C77693400FF8B44 /* LaunchScreen.storyboard in Resources */,
				DB8A16351C77693400FF8B44 /* Assets.xcassets in Resources */,
				DB8A16331C77693400FF8B44 /* Main.storyboard in Resources */,
			);
			runOnlyForDeploymentPostprocessing = 0;
		};
/* End PBXResourcesBuildPhase section */

/* Begin PBXSourcesBuildPhase section */
		DB8A16261C77693400FF8B44 /* Sources */ = {
			isa = PBXSourcesBuildPhase;
			buildActionMask = 2147483647;
			files = (
				DB8A16301C77693400FF8B44 /* ViewController.swift in Sources */,
				DB8A162E1C77693400FF8B44 /* AppDelegate.swift in Sources */,
			);
			runOnlyForDeploymentPostprocessing = 0;
		};
/* End PBXSourcesBuildPhase section */

/* Begin PBXVariantGroup section */
		DB8A16311C77693400FF8B44 /* Main.storyboard */ = {
			isa = PBXVariantGroup;
			children = (
				DB8A16321C77693400FF8B44 /* Base */,
			);
			name = Main.storyboard;
			sourceTree = "<group>";
		};
		DB8A16361C77693400FF8B44 /* LaunchScreen.storyboard */ = {
			isa = PBXVariantGroup;
			children = (
				DB8A16371C77693400FF8B44 /* Base */,
			);
			name = LaunchScreen.storyboard;
			sourceTree = "<group>";
		};
/* End PBXVariantGroup section */

/* Begin XCBuildConfiguration section */
		DB8A163A1C77693400FF8B44 /* Debug */ = {
			isa = XCBuildConfiguration;
			buildSettings = {
				ALWAYS_SEARCH_USER_PATHS = NO;
				CLANG_CXX_LANGUAGE_STANDARD = "gnu++0x";
				CLANG_CXX_LIBRARY = "libc++";
				CLANG_ENABLE_MODULES = YES;
				CLANG_ENABLE_OBJC_ARC = YES;
				CLANG_WARN_BOOL_CONVERSION = YES;
				CLANG_WARN_CONSTANT_CONVERSION = YES;
				CLANG_WARN_DIRECT_OBJC_ISA_USAGE = YES_ERROR;
				CLANG_WARN_EMPTY_BODY = YES;
				CLANG_WARN_ENUM_CONVERSION = YES;
				CLANG_WARN_INT_CONVERSION = YES;
				CLANG_WARN_OBJC_ROOT_CLASS = YES_ERROR;
				CLANG_WARN_UNREACHABLE_CODE = YES;
				CLANG_WARN__DUPLICATE_METHOD_MATCH = YES;
				"CODE_SIGN_IDENTITY[sdk=iphoneos*]" = "iPhone Developer";
				COPY_PHASE_STRIP = NO;
				DEBUG_INFORMATION_FORMAT = dwarf;
				ENABLE_STRICT_OBJC_MSGSEND = YES;
				ENABLE_TESTABILITY = YES;
				GCC_C_LANGUAGE_STANDARD = gnu99;
				GCC_DYNAMIC_NO_PIC = NO;
				GCC_NO_COMMON_BLOCKS = YES;
				GCC_OPTIMIZATION_LEVEL = 0;
				GCC_PREPROCESSOR_DEFINITIONS = (
					"DEBUG=1",
					"$(inherited)",
				);
				GCC_WARN_64_TO_32_BIT_CONVERSION = YES;
				GCC_WARN_ABOUT_RETURN_TYPE = YES_ERROR;
				GCC_WARN_UNDECLARED_SELECTOR = YES;
				GCC_WARN_UNINITIALIZED_AUTOS = YES_AGGRESSIVE;
				GCC_WARN_UNUSED_FUNCTION = YES;
				GCC_WARN_UNUSED_VARIABLE = YES;
				IPHONEOS_DEPLOYMENT_TARGET = 9.2;
				MTL_ENABLE_DEBUG_INFO = YES;
				ONLY_ACTIVE_ARCH = YES;
				SDKROOT = iphoneos;
				SWIFT_OPTIMIZATION_LEVEL = "-Onone";
			};
			name = Debug;
		};
		DB8A163B1C77693400FF8B44 /* Release */ = {
			isa = XCBuildConfiguration;
			buildSettings = {
				ALWAYS_SEARCH_USER_PATHS = NO;
				CLANG_CXX_LANGUAGE_STANDARD = "gnu++0x";
				CLANG_CXX_LIBRARY = "libc++";
				CLANG_ENABLE_MODULES = YES;
				CLANG_ENABLE_OBJC_ARC = YES;
				CLANG_WARN_BOOL_CONVERSION = YES;
				CLANG_WARN_CONSTANT_CONVERSION = YES;
				CLANG_WARN_DIRECT_OBJC_ISA_USAGE = YES_ERROR;
				CLANG_WARN_EMPTY_BODY = YES;
				CLANG_WARN_ENUM_CONVERSION = YES;
				CLANG_WARN_INT_CONVERSION = YES;
				CLANG_WARN_OBJC_ROOT_CLASS = YES_ERROR;
				CLANG_WARN_UNREACHABLE_CODE = YES;
				CLANG_WARN__DUPLICATE_METHOD_MATCH = YES;
				"CODE_SIGN_IDENTITY[sdk=iphoneos*]" = "iPhone Developer";
				COPY_PHASE_STRIP = NO;
				DEBUG_INFORMATION_FORMAT = "dwarf-with-dsym";
				ENABLE_NS_ASSERTIONS = NO;
				ENABLE_STRICT_OBJC_MSGSEND = YES;
				GCC_C_LANGUAGE_STANDARD = gnu99;
				GCC_NO_COMMON_BLOCKS = YES;
				GCC_WARN_64_TO_32_BIT_CONVERSION = YES;
				GCC_WARN_ABOUT_RETURN_TYPE = YES_ERROR;
				GCC_WARN_UNDECLARED_SELECTOR = YES;
				GCC_WARN_UNINITIALIZED_AUTOS = YES_AGGRESSIVE;
				GCC_WARN_UNUSED_FUNCTION = YES;
				GCC_WARN_UNUSED_VARIABLE = YES;
				IPHONEOS_DEPLOYMENT_TARGET = 9.2;
				MTL_ENABLE_DEBUG_INFO = NO;
				SDKROOT = iphoneos;
				VALIDATE_PRODUCT = YES;
			};
			name = Release;
		};
		DB8A163D1C77693400FF8B44 /* Debug */ = {
			isa = XCBuildConfiguration;
			buildSettings = {
				ASSETCATALOG_COMPILER_APPICON_NAME = AppIcon;
				INFOPLIST_FILE = "Lazy Friday/Info.plist";
				LD_RUNPATH_SEARCH_PATHS = "$(inherited) @executable_path/Frameworks";
				PRODUCT_BUNDLE_IDENTIFIER = "com.laurasirco.Lazy-Friday";
				PRODUCT_NAME = "$(TARGET_NAME)";
			};
			name = Debug;
		};
		DB8A163E1C77693400FF8B44 /* Release */ = {
			isa = XCBuildConfiguration;
			buildSettings = {
				ASSETCATALOG_COMPILER_APPICON_NAME = AppIcon;
				INFOPLIST_FILE = "Lazy Friday/Info.plist";
				LD_RUNPATH_SEARCH_PATHS = "$(inherited) @executable_path/Frameworks";
				PRODUCT_BUNDLE_IDENTIFIER = "com.laurasirco.Lazy-Friday";
				PRODUCT_NAME = "$(TARGET_NAME)";
			};
			name = Release;
		};
/* End XCBuildConfiguration section */

/* Begin XCConfigurationList section */
		DB8A16251C77693400FF8B44 /* Build configuration list for PBXProject "Lazy Friday" */ = {
			isa = XCConfigurationList;
			buildConfigurations = (
				DB8A163A1C77693400FF8B44 /* Debug */,
				DB8A163B1C77693400FF8B44 /* Release */,
			);
			defaultConfigurationIsVisible = 0;
			defaultConfigurationName = Release;
		};
		DB8A163C1C77693400FF8B44 /* Build configuration list for PBXNativeTarget "Lazy Friday" */ = {
			isa = XCConfigurationList;
			buildConfigurations = (
				DB8A163D1C77693400FF8B44 /* Debug */,
				DB8A163E1C77693400FF8B44 /* Release */,
			);
			defaultConfigurationIsVisible = 0;
		};
/* End XCConfigurationList section */
	};
	rootObject = DB8A16221C77693400FF8B44 /* Project object */;
}
